
Microsoft Visual Studio Solution File, Format Version 12.00
# Visual Studio 15
VisualStudioVersion = 15.0.27703.2018
MinimumVisualStudioVersion = 10.0.40219.1
Project("{FAE04EC0-301F-11D3-BF4B-00C04F79EFBC}") = "BoatGame", "BoatGame\BoatGame.csproj", "{A20A353A-B662-424B-B57C-8E16D2331EDC}"
EndProject
Global
	GlobalSection(SolutionConfigurationPlatforms) = preSolution
		Debug|Any CPU = Debug|Any CPU
		Release|Any CPU = Release|Any CPU
	EndGlobalSection
	GlobalSection(ProjectConfigurationPlatforms) = postSolution
		{A20A353A-B662-424B-B57C-8E16D2331EDC}.Debug|Any CPU.ActiveCfg = Debug|Any CPU
		{A20A353A-B662-424B-B57C-8E16D2331EDC}.Debug|Any CPU.Build.0 = Debug|Any CPU
		{A20A353A-B662-424B-B57C-8E16D2331EDC}.Release|Any CPU.ActiveCfg = Release|Any CPU
		{A20A353A-B662-424B-B57C-8E16D2331EDC}.Release|Any CPU.Build.0 = Release|Any CPU
	EndGlobalSection
	GlobalSection(SolutionProperties) = preSolution
		HideSolutionNode = FALSE
	EndGlobalSection
	GlobalSection(ExtensibilityGlobals) = postSolution
		SolutionGuid = {6EDA23B0-2420-4DB1-97C7-31F3C9D8C52C}
	EndGlobalSection
EndGlobal
